
Microsoft Visual Studio Solution File, Format Version 12.00
# Visual Studio Version 16
VisualStudioVersion = 16.0.30711.63
MinimumVisualStudioVersion = 10.0.40219.1
Project("{FAE04EC0-301F-11D3-BF4B-00C04F79EFBC}") = "Kolokwium", "Kolokwium.csproj", "{75ADA396-F5E0-4ABA-B25E-E095E669EED3}"
EndProject
Global
	GlobalSection(SolutionConfigurationPlatforms) = preSolution
		Debug|Any CPU = Debug|Any CPU
		Release|Any CPU = Release|Any CPU
	EndGlobalSection
	GlobalSection(ProjectConfigurationPlatforms) = postSolution
		{75ADA396-F5E0-4ABA-B25E-E095E669EED3}.Debug|Any CPU.ActiveCfg = Debug|Any CPU
		{75ADA396-F5E0-4ABA-B25E-E095E669EED3}.Debug|Any CPU.Build.0 = Debug|Any CPU
		{75ADA396-F5E0-4ABA-B25E-E095E669EED3}.Release|Any CPU.ActiveCfg = Release|Any CPU
		{75ADA396-F5E0-4ABA-B25E-E095E669EED3}.Release|Any CPU.Build.0 = Release|Any CPU
	EndGlobalSection
	GlobalSection(SolutionProperties) = preSolution
		HideSolutionNode = FALSE
	EndGlobalSection
	GlobalSection(ExtensibilityGlobals) = postSolution
		SolutionGuid = {78F33449-7B32-428C-8CAC-57EC684065D8}
	EndGlobalSection
EndGlobal
