
Microsoft Visual Studio Solution File, Format Version 12.00
# Visual Studio Version 16
VisualStudioVersion = 16.0.30717.126
MinimumVisualStudioVersion = 10.0.40219.1
Project("{FAE04EC0-301F-11D3-BF4B-00C04F79EFBC}") = "Zjazd6", "Zjazd6\Zjazd6.csproj", "{2EA08AD4-8815-44D5-81C8-586D2DF4F591}"
EndProject
Global
	GlobalSection(SolutionConfigurationPlatforms) = preSolution
		Debug|Any CPU = Debug|Any CPU
		Release|Any CPU = Release|Any CPU
	EndGlobalSection
	GlobalSection(ProjectConfigurationPlatforms) = postSolution
		{2EA08AD4-8815-44D5-81C8-586D2DF4F591}.Debug|Any CPU.ActiveCfg = Debug|Any CPU
		{2EA08AD4-8815-44D5-81C8-586D2DF4F591}.Debug|Any CPU.Build.0 = Debug|Any CPU
		{2EA08AD4-8815-44D5-81C8-586D2DF4F591}.Release|Any CPU.ActiveCfg = Release|Any CPU
		{2EA08AD4-8815-44D5-81C8-586D2DF4F591}.Release|Any CPU.Build.0 = Release|Any CPU
	EndGlobalSection
	GlobalSection(SolutionProperties) = preSolution
		HideSolutionNode = FALSE
	EndGlobalSection
	GlobalSection(ExtensibilityGlobals) = postSolution
		SolutionGuid = {8000AEB7-21BC-4A1B-992B-21AC9BE79F90}
	EndGlobalSection
EndGlobal
